
Microsoft Visual Studio Solution File, Format Version 12.00
# Visual Studio Version 17
VisualStudioVersion = 17.4.33213.308
MinimumVisualStudioVersion = 10.0.40219.1
Project("{FAE04EC0-301F-11D3-BF4B-00C04F79EFBC}") = "Week5", "Week5\Week5.csproj", "{B57D4CF5-E254-4DEE-92F2-FFB7F768B7C8}"
EndProject
Project("{FAE04EC0-301F-11D3-BF4B-00C04F79EFBC}") = "ANDoperator", "ANDoperator\ANDoperator.csproj", "{08511067-4926-4CB2-B98C-DB5F57863DE7}"
EndProject
Project("{FAE04EC0-301F-11D3-BF4B-00C04F79EFBC}") = "ORoperator", "ORoperator\ORoperator.csproj", "{848AA9CC-B6F6-4062-8319-1AA2D1D25FF6}"
EndProject
Project("{FAE04EC0-301F-11D3-BF4B-00C04F79EFBC}") = "ANDranges", "ANDranges\ANDranges.csproj", "{E003C276-565C-4E2A-A605-F7E0BF3EDC0A}"
EndProject
Global
	GlobalSection(SolutionConfigurationPlatforms) = preSolution
		Debug|Any CPU = Debug|Any CPU
		Release|Any CPU = Release|Any CPU
	EndGlobalSection
	GlobalSection(ProjectConfigurationPlatforms) = postSolution
		{B57D4CF5-E254-4DEE-92F2-FFB7F768B7C8}.Debug|Any CPU.ActiveCfg = Debug|Any CPU
		{B57D4CF5-E254-4DEE-92F2-FFB7F768B7C8}.Debug|Any CPU.Build.0 = Debug|Any CPU
		{B57D4CF5-E254-4DEE-92F2-FFB7F768B7C8}.Release|Any CPU.ActiveCfg = Release|Any CPU
		{B57D4CF5-E254-4DEE-92F2-FFB7F768B7C8}.Release|Any CPU.Build.0 = Release|Any CPU
		{08511067-4926-4CB2-B98C-DB5F57863DE7}.Debug|Any CPU.ActiveCfg = Debug|Any CPU
		{08511067-4926-4CB2-B98C-DB5F57863DE7}.Debug|Any CPU.Build.0 = Debug|Any CPU
		{08511067-4926-4CB2-B98C-DB5F57863DE7}.Release|Any CPU.ActiveCfg = Release|Any CPU
		{08511067-4926-4CB2-B98C-DB5F57863DE7}.Release|Any CPU.Build.0 = Release|Any CPU
		{848AA9CC-B6F6-4062-8319-1AA2D1D25FF6}.Debug|Any CPU.ActiveCfg = Debug|Any CPU
		{848AA9CC-B6F6-4062-8319-1AA2D1D25FF6}.Debug|Any CPU.Build.0 = Debug|Any CPU
		{848AA9CC-B6F6-4062-8319-1AA2D1D25FF6}.Release|Any CPU.ActiveCfg = Release|Any CPU
		{848AA9CC-B6F6-4062-8319-1AA2D1D25FF6}.Release|Any CPU.Build.0 = Release|Any CPU
		{E003C276-565C-4E2A-A605-F7E0BF3EDC0A}.Debug|Any CPU.ActiveCfg = Debug|Any CPU
		{E003C276-565C-4E2A-A605-F7E0BF3EDC0A}.Debug|Any CPU.Build.0 = Debug|Any CPU
		{E003C276-565C-4E2A-A605-F7E0BF3EDC0A}.Release|Any CPU.ActiveCfg = Release|Any CPU
		{E003C276-565C-4E2A-A605-F7E0BF3EDC0A}.Release|Any CPU.Build.0 = Release|Any CPU
	EndGlobalSection
	GlobalSection(SolutionProperties) = preSolution
		HideSolutionNode = FALSE
	EndGlobalSection
	GlobalSection(ExtensibilityGlobals) = postSolution
		SolutionGuid = {F728BA23-94C3-47A3-9340-757F16E03DD8}
	EndGlobalSection
EndGlobal
